
Microsoft Visual Studio Solution File, Format Version 12.00
# Visual Studio 14
VisualStudioVersion = 14.0.25420.1
MinimumVisualStudioVersion = 10.0.40219.1
Project("{FAE04EC0-301F-11D3-BF4B-00C04F79EFBC}") = "ProjectManagerTwo.Android", "ProjectManagerTwo\ProjectManagerTwo.Android\ProjectManagerTwo.Android.csproj", "{BE30B016-9837-444B-B85E-63DDE994D533}"
EndProject
Project("{FAE04EC0-301F-11D3-BF4B-00C04F79EFBC}") = "ProjectManagerTwo", "ProjectManagerTwo\ProjectManagerTwo\ProjectManagerTwo.csproj", "{D28CC507-BFC9-474C-AC03-AFB90D75E96E}"
EndProject
Project("{FAE04EC0-301F-11D3-BF4B-00C04F79EFBC}") = "ProjectManagerTwo.iOS", "ProjectManagerTwo\ProjectManagerTwo.iOS\ProjectManagerTwo.iOS.csproj", "{8233D9C1-B078-410C-9391-959150B10CDC}"
EndProject
Global
	GlobalSection(SolutionConfigurationPlatforms) = preSolution
		Ad-Hoc|Any CPU = Ad-Hoc|Any CPU
		Ad-Hoc|ARM = Ad-Hoc|ARM
		Ad-Hoc|iPhone = Ad-Hoc|iPhone
		Ad-Hoc|iPhoneSimulator = Ad-Hoc|iPhoneSimulator
		Ad-Hoc|x64 = Ad-Hoc|x64
		Ad-Hoc|x86 = Ad-Hoc|x86
		AppStore|Any CPU = AppStore|Any CPU
		AppStore|ARM = AppStore|ARM
		AppStore|iPhone = AppStore|iPhone
		AppStore|iPhoneSimulator = AppStore|iPhoneSimulator
		AppStore|x64 = AppStore|x64
		AppStore|x86 = AppStore|x86
		Debug|Any CPU = Debug|Any CPU
		Debug|ARM = Debug|ARM
		Debug|iPhone = Debug|iPhone
		Debug|iPhoneSimulator = Debug|iPhoneSimulator
		Debug|x64 = Debug|x64
		Debug|x86 = Debug|x86
		Release|Any CPU = Release|Any CPU
		Release|ARM = Release|ARM
		Release|iPhone = Release|iPhone
		Release|iPhoneSimulator = Release|iPhoneSimulator
		Release|x64 = Release|x64
		Release|x86 = Release|x86
	EndGlobalSection
	GlobalSection(ProjectConfigurationPlatforms) = postSolution
		{BE30B016-9837-444B-B85E-63DDE994D533}.Ad-Hoc|Any CPU.ActiveCfg = Release|Any CPU
		{BE30B016-9837-444B-B85E-63DDE994D533}.Ad-Hoc|Any CPU.Build.0 = Release|Any CPU
		{BE30B016-9837-444B-B85E-63DDE994D533}.Ad-Hoc|Any CPU.Deploy.0 = Release|Any CPU
		{BE30B016-9837-444B-B85E-63DDE994D533}.Ad-Hoc|ARM.ActiveCfg = Debug|Any CPU
		{BE30B016-9837-444B-B85E-63DDE994D533}.Ad-Hoc|ARM.Build.0 = Debug|Any CPU
		{BE30B016-9837-444B-B85E-63DDE994D533}.Ad-Hoc|ARM.Deploy.0 = Debug|Any CPU
		{BE30B016-9837-444B-B85E-63DDE994D533}.Ad-Hoc|iPhone.ActiveCfg = Release|Any CPU
		{BE30B016-9837-444B-B85E-63DDE994D533}.Ad-Hoc|iPhone.Build.0 = Release|Any CPU
		{BE30B016-9837-444B-B85E-63DDE994D533}.Ad-Hoc|iPhone.Deploy.0 = Release|Any CPU
		{BE30B016-9837-444B-B85E-63DDE994D533}.Ad-Hoc|iPhoneSimulator.ActiveCfg = Release|Any CPU
		{BE30B016-9837-444B-B85E-63DDE994D533}.Ad-Hoc|iPhoneSimulator.Build.0 = Release|Any CPU
		{BE30B016-9837-444B-B85E-63DDE994D533}.Ad-Hoc|iPhoneSimulator.Deploy.0 = Release|Any CPU
		{BE30B016-9837-444B-B85E-63DDE994D533}.Ad-Hoc|x64.ActiveCfg = Debug|Any CPU
		{BE30B016-9837-444B-B85E-63DDE994D533}.Ad-Hoc|x64.Build.0 = Debug|Any CPU
		{BE30B016-9837-444B-B85E-63DDE994D533}.Ad-Hoc|x64.Deploy.0 = Debug|Any CPU
		{BE30B016-9837-444B-B85E-63DDE994D533}.Ad-Hoc|x86.ActiveCfg = Release|x86
		{BE30B016-9837-444B-B85E-63DDE994D533}.Ad-Hoc|x86.Build.0 = Release|x86
		{BE30B016-9837-444B-B85E-63DDE994D533}.Ad-Hoc|x86.Deploy.0 = Release|x86
		{BE30B016-9837-444B-B85E-63DDE994D533}.AppStore|Any CPU.ActiveCfg = Release|Any CPU
		{BE30B016-9837-444B-B85E-63DDE994D533}.AppStore|Any CPU.Build.0 = Release|Any CPU
		{BE30B016-9837-444B-B85E-63DDE994D533}.AppStore|Any CPU.Deploy.0 = Release|Any CPU
		{BE30B016-9837-444B-B85E-63DDE994D533}.AppStore|ARM.ActiveCfg = Debug|Any CPU
		{BE30B016-9837-444B-B85E-63DDE994D533}.AppStore|ARM.Build.0 = Debug|Any CPU
		{BE30B016-9837-444B-B85E-63DDE994D533}.AppStore|ARM.Deploy.0 = Debug|Any CPU
		{BE30B016-9837-444B-B85E-63DDE994D533}.AppStore|iPhone.ActiveCfg = Release|Any CPU
		{BE30B016-9837-444B-B85E-63DDE994D533}.AppStore|iPhone.Build.0 = Release|Any CPU
		{BE30B016-9837-444B-B85E-63DDE994D533}.AppStore|iPhone.Deploy.0 = Release|Any CPU
		{BE30B016-9837-444B-B85E-63DDE994D533}.AppStore|iPhoneSimulator.ActiveCfg = Release|Any CPU
		{BE30B016-9837-444B-B85E-63DDE994D533}.AppStore|iPhoneSimulator.Build.0 = Release|Any CPU
		{BE30B016-9837-444B-B85E-63DDE994D533}.AppStore|iPhoneSimulator.Deploy.0 = Release|Any CPU
		{BE30B016-9837-444B-B85E-63DDE994D533}.AppStore|x64.ActiveCfg = Debug|Any CPU
		{BE30B016-9837-444B-B85E-63DDE994D533}.AppStore|x64.Build.0 = Debug|Any CPU
		{BE30B016-9837-444B-B85E-63DDE994D533}.AppStore|x64.Deploy.0 = Debug|Any CPU
		{BE30B016-9837-444B-B85E-63DDE994D533}.AppStore|x86.ActiveCfg = Release|x86
		{BE30B016-9837-444B-B85E-63DDE994D533}.AppStore|x86.Build.0 = Release|x86
		{BE30B016-9837-444B-B85E-63DDE994D533}.AppStore|x86.Deploy.0 = Release|x86
		{BE30B016-9837-444B-B85E-63DDE994D533}.Debug|Any CPU.ActiveCfg = Debug|Any CPU
		{BE30B016-9837-444B-B85E-63DDE994D533}.Debug|Any CPU.Build.0 = Debug|Any CPU
		{BE30B016-9837-444B-B85E-63DDE994D533}.Debug|Any CPU.Deploy.0 = Debug|Any CPU
		{BE30B016-9837-444B-B85E-63DDE994D533}.Debug|ARM.ActiveCfg = Debug|x86
		{BE30B016-9837-444B-B85E-63DDE994D533}.Debug|ARM.Build.0 = Debug|x86
		{BE30B016-9837-444B-B85E-63DDE994D533}.Debug|ARM.Deploy.0 = Debug|x86
		{BE30B016-9837-444B-B85E-63DDE994D533}.Debug|iPhone.ActiveCfg = Debug|Any CPU
		{BE30B016-9837-444B-B85E-63DDE994D533}.Debug|iPhone.Build.0 = Debug|Any CPU
		{BE30B016-9837-444B-B85E-63DDE994D533}.Debug|iPhone.Deploy.0 = Debug|Any CPU
		{BE30B016-9837-444B-B85E-63DDE994D533}.Debug|iPhoneSimulator.ActiveCfg = Debug|Any CPU
		{BE30B016-9837-444B-B85E-63DDE994D533}.Debug|iPhoneSimulator.Build.0 = Debug|Any CPU
		{BE30B016-9837-444B-B85E-63DDE994D533}.Debug|iPhoneSimulator.Deploy.0 = Debug|Any CPU
		{BE30B016-9837-444B-B85E-63DDE994D533}.Debug|x64.ActiveCfg = Debug|Any CPU
		{BE30B016-9837-444B-B85E-63DDE994D533}.Debug|x64.Build.0 = Debug|Any CPU
		{BE30B016-9837-444B-B85E-63DDE994D533}.Debug|x64.Deploy.0 = Debug|Any CPU
		{BE30B016-9837-444B-B85E-63DDE994D533}.Debug|x86.ActiveCfg = Debug|x86
		{BE30B016-9837-444B-B85E-63DDE994D533}.Debug|x86.Build.0 = Debug|x86
		{BE30B016-9837-444B-B85E-63DDE994D533}.Debug|x86.Deploy.0 = Debug|x86
		{BE30B016-9837-444B-B85E-63DDE994D533}.Release|Any CPU.ActiveCfg = Release|Any CPU
		{BE30B016-9837-444B-B85E-63DDE994D533}.Release|Any CPU.Build.0 = Release|Any CPU
		{BE30B016-9837-444B-B85E-63DDE994D533}.Release|Any CPU.Deploy.0 = Release|Any CPU
		{BE30B016-9837-444B-B85E-63DDE994D533}.Release|ARM.ActiveCfg = Release|Any CPU
		{BE30B016-9837-444B-B85E-63DDE994D533}.Release|ARM.Build.0 = Release|Any CPU
		{BE30B016-9837-444B-B85E-63DDE994D533}.Release|ARM.Deploy.0 = Release|Any CPU
		{BE30B016-9837-444B-B85E-63DDE994D533}.Release|iPhone.ActiveCfg = Release|Any CPU
		{BE30B016-9837-444B-B85E-63DDE994D533}.Release|iPhone.Build.0 = Release|Any CPU
		{BE30B016-9837-444B-B85E-63DDE994D533}.Release|iPhone.Deploy.0 = Release|Any CPU
		{BE30B016-9837-444B-B85E-63DDE994D533}.Release|iPhoneSimulator.ActiveCfg = Release|Any CPU
		{BE30B016-9837-444B-B85E-63DDE994D533}.Release|iPhoneSimulator.Build.0 = Release|Any CPU
		{BE30B016-9837-444B-B85E-63DDE994D533}.Release|iPhoneSimulator.Deploy.0 = Release|Any CPU
		{BE30B016-9837-444B-B85E-63DDE994D533}.Release|x64.ActiveCfg = Release|Any CPU
		{BE30B016-9837-444B-B85E-63DDE994D533}.Release|x64.Build.0 = Release|Any CPU
		{BE30B016-9837-444B-B85E-63DDE994D533}.Release|x64.Deploy.0 = Release|Any CPU
		{BE30B016-9837-444B-B85E-63DDE994D533}.Release|x86.ActiveCfg = Release|x86
		{BE30B016-9837-444B-B85E-63DDE994D533}.Release|x86.Build.0 = Release|x86
		{BE30B016-9837-444B-B85E-63DDE994D533}.Release|x86.Deploy.0 = Release|x86
		{D28CC507-BFC9-474C-AC03-AFB90D75E96E}.Ad-Hoc|Any CPU.ActiveCfg = Release|Any CPU
		{D28CC507-BFC9-474C-AC03-AFB90D75E96E}.Ad-Hoc|Any CPU.Build.0 = Release|Any CPU
		{D28CC507-BFC9-474C-AC03-AFB90D75E96E}.Ad-Hoc|ARM.ActiveCfg = Release|ARM
		{D28CC507-BFC9-474C-AC03-AFB90D75E96E}.Ad-Hoc|ARM.Build.0 = Release|ARM
		{D28CC507-BFC9-474C-AC03-AFB90D75E96E}.Ad-Hoc|iPhone.ActiveCfg = Release|Any CPU
		{D28CC507-BFC9-474C-AC03-AFB90D75E96E}.Ad-Hoc|iPhone.Build.0 = Release|Any CPU
		{D28CC507-BFC9-474C-AC03-AFB90D75E96E}.Ad-Hoc|iPhoneSimulator.ActiveCfg = Release|Any CPU
		{D28CC507-BFC9-474C-AC03-AFB90D75E96E}.Ad-Hoc|iPhoneSimulator.Build.0 = Release|Any CPU
		{D28CC507-BFC9-474C-AC03-AFB90D75E96E}.Ad-Hoc|x64.ActiveCfg = Release|x64
		{D28CC507-BFC9-474C-AC03-AFB90D75E96E}.Ad-Hoc|x64.Build.0 = Release|x64
		{D28CC507-BFC9-474C-AC03-AFB90D75E96E}.Ad-Hoc|x86.ActiveCfg = Release|x86
		{D28CC507-BFC9-474C-AC03-AFB90D75E96E}.Ad-Hoc|x86.Build.0 = Release|x86
		{D28CC507-BFC9-474C-AC03-AFB90D75E96E}.AppStore|Any CPU.ActiveCfg = Release|Any CPU
		{D28CC507-BFC9-474C-AC03-AFB90D75E96E}.AppStore|Any CPU.Build.0 = Release|Any CPU
		{D28CC507-BFC9-474C-AC03-AFB90D75E96E}.AppStore|ARM.ActiveCfg = Release|ARM
		{D28CC507-BFC9-474C-AC03-AFB90D75E96E}.AppStore|ARM.Build.0 = Release|ARM
		{D28CC507-BFC9-474C-AC03-AFB90D75E96E}.AppStore|iPhone.ActiveCfg = Release|Any CPU
		{D28CC507-BFC9-474C-AC03-AFB90D75E96E}.AppStore|iPhone.Build.0 = Release|Any CPU
		{D28CC507-BFC9-474C-AC03-AFB90D75E96E}.AppStore|iPhoneSimulator.ActiveCfg = Release|Any CPU
		{D28CC507-BFC9-474C-AC03-AFB90D75E96E}.AppStore|iPhoneSimulator.Build.0 = Release|Any CPU
		{D28CC507-BFC9-474C-AC03-AFB90D75E96E}.AppStore|x64.ActiveCfg = Release|x64
		{D28CC507-BFC9-474C-AC03-AFB90D75E96E}.AppStore|x64.Build.0 = Release|x64
		{D28CC507-BFC9-474C-AC03-AFB90D75E96E}.AppStore|x86.ActiveCfg = Release|x86
		{D28CC507-BFC9-474C-AC03-AFB90D75E96E}.AppStore|x86.Build.0 = Release|x86
		{D28CC507-BFC9-474C-AC03-AFB90D75E96E}.Debug|Any CPU.ActiveCfg = Debug|Any CPU
		{D28CC507-BFC9-474C-AC03-AFB90D75E96E}.Debug|Any CPU.Build.0 = Debug|Any CPU
		{D28CC507-BFC9-474C-AC03-AFB90D75E96E}.Debug|ARM.ActiveCfg = Debug|x86
		{D28CC507-BFC9-474C-AC03-AFB90D75E96E}.Debug|ARM.Build.0 = Debug|x86
		{D28CC507-BFC9-474C-AC03-AFB90D75E96E}.Debug|iPhone.ActiveCfg = Debug|Any CPU
		{D28CC507-BFC9-474C-AC03-AFB90D75E96E}.Debug|iPhone.Build.0 = Debug|Any CPU
		{D28CC507-BFC9-474C-AC03-AFB90D75E96E}.Debug|iPhoneSimulator.ActiveCfg = Debug|Any CPU
		{D28CC507-BFC9-474C-AC03-AFB90D75E96E}.Debug|iPhoneSimulator.Build.0 = Debug|Any CPU
		{D28CC507-BFC9-474C-AC03-AFB90D75E96E}.Debug|x64.ActiveCfg = Debug|x64
		{D28CC507-BFC9-474C-AC03-AFB90D75E96E}.Debug|x64.Build.0 = Debug|x64
		{D28CC507-BFC9-474C-AC03-AFB90D75E96E}.Debug|x86.ActiveCfg = Debug|x86
		{D28CC507-BFC9-474C-AC03-AFB90D75E96E}.Debug|x86.Build.0 = Debug|x86
		{D28CC507-BFC9-474C-AC03-AFB90D75E96E}.Release|Any CPU.ActiveCfg = Release|Any CPU
		{D28CC507-BFC9-474C-AC03-AFB90D75E96E}.Release|Any CPU.Build.0 = Release|Any CPU
		{D28CC507-BFC9-474C-AC03-AFB90D75E96E}.Release|ARM.ActiveCfg = Release|ARM
		{D28CC507-BFC9-474C-AC03-AFB90D75E96E}.Release|ARM.Build.0 = Release|ARM
		{D28CC507-BFC9-474C-AC03-AFB90D75E96E}.Release|iPhone.ActiveCfg = Release|Any CPU
		{D28CC507-BFC9-474C-AC03-AFB90D75E96E}.Release|iPhone.Build.0 = Release|Any CPU
		{D28CC507-BFC9-474C-AC03-AFB90D75E96E}.Release|iPhoneSimulator.ActiveCfg = Release|Any CPU
		{D28CC507-BFC9-474C-AC03-AFB90D75E96E}.Release|iPhoneSimulator.Build.0 = Release|Any CPU
		{D28CC507-BFC9-474C-AC03-AFB90D75E96E}.Release|x64.ActiveCfg = Release|x64
		{D28CC507-BFC9-474C-AC03-AFB90D75E96E}.Release|x64.Build.0 = Release|x64
		{D28CC507-BFC9-474C-AC03-AFB90D75E96E}.Release|x86.ActiveCfg = Release|x86
		{D28CC507-BFC9-474C-AC03-AFB90D75E96E}.Release|x86.Build.0 = Release|x86
		{8233D9C1-B078-410C-9391-959150B10CDC}.Ad-Hoc|Any CPU.ActiveCfg = Ad-Hoc|iPhone
		{8233D9C1-B078-410C-9391-959150B10CDC}.Ad-Hoc|ARM.ActiveCfg = Ad-Hoc|x86
		{8233D9C1-B078-410C-9391-959150B10CDC}.Ad-Hoc|iPhone.ActiveCfg = Ad-Hoc|iPhone
		{8233D9C1-B078-410C-9391-959150B10CDC}.Ad-Hoc|iPhone.Build.0 = Ad-Hoc|iPhone
		{8233D9C1-B078-410C-9391-959150B10CDC}.Ad-Hoc|iPhoneSimulator.ActiveCfg = Ad-Hoc|iPhoneSimulator
		{8233D9C1-B078-410C-9391-959150B10CDC}.Ad-Hoc|iPhoneSimulator.Build.0 = Ad-Hoc|iPhoneSimulator
		{8233D9C1-B078-410C-9391-959150B10CDC}.Ad-Hoc|x64.ActiveCfg = Ad-Hoc|iPhoneSimulator
		{8233D9C1-B078-410C-9391-959150B10CDC}.Ad-Hoc|x86.ActiveCfg = Ad-Hoc|x86
		{8233D9C1-B078-410C-9391-959150B10CDC}.AppStore|Any CPU.ActiveCfg = AppStore|iPhone
		{8233D9C1-B078-410C-9391-959150B10CDC}.AppStore|ARM.ActiveCfg = AppStore|x86
		{8233D9C1-B078-410C-9391-959150B10CDC}.AppStore|iPhone.ActiveCfg = AppStore|iPhone
		{8233D9C1-B078-410C-9391-959150B10CDC}.AppStore|iPhone.Build.0 = AppStore|iPhone
		{8233D9C1-B078-410C-9391-959150B10CDC}.AppStore|iPhoneSimulator.ActiveCfg = AppStore|iPhoneSimulator
		{8233D9C1-B078-410C-9391-959150B10CDC}.AppStore|iPhoneSimulator.Build.0 = AppStore|iPhoneSimulator
		{8233D9C1-B078-410C-9391-959150B10CDC}.AppStore|x64.ActiveCfg = AppStore|iPhoneSimulator
		{8233D9C1-B078-410C-9391-959150B10CDC}.AppStore|x86.ActiveCfg = AppStore|x86
		{8233D9C1-B078-410C-9391-959150B10CDC}.Debug|Any CPU.ActiveCfg = Debug|iPhone
		{8233D9C1-B078-410C-9391-959150B10CDC}.Debug|ARM.ActiveCfg = Debug|x86
		{8233D9C1-B078-410C-9391-959150B10CDC}.Debug|iPhone.ActiveCfg = Debug|iPhone
		{8233D9C1-B078-410C-9391-959150B10CDC}.Debug|iPhone.Build.0 = Debug|iPhone
		{8233D9C1-B078-410C-9391-959150B10CDC}.Debug|iPhoneSimulator.ActiveCfg = Debug|iPhoneSimulator
		{8233D9C1-B078-410C-9391-959150B10CDC}.Debug|iPhoneSimulator.Build.0 = Debug|iPhoneSimulator
		{8233D9C1-B078-410C-9391-959150B10CDC}.Debug|x64.ActiveCfg = Debug|iPhoneSimulator
		{8233D9C1-B078-410C-9391-959150B10CDC}.Debug|x86.ActiveCfg = Debug|x86
		{8233D9C1-B078-410C-9391-959150B10CDC}.Release|Any CPU.ActiveCfg = Release|iPhone
		{8233D9C1-B078-410C-9391-959150B10CDC}.Release|ARM.ActiveCfg = Release|x86
		{8233D9C1-B078-410C-9391-959150B10CDC}.Release|iPhone.ActiveCfg = Release|iPhone
		{8233D9C1-B078-410C-9391-959150B10CDC}.Release|iPhone.Build.0 = Release|iPhone
		{8233D9C1-B078-410C-9391-959150B10CDC}.Release|iPhoneSimulator.ActiveCfg = Release|iPhoneSimulator
		{8233D9C1-B078-410C-9391-959150B10CDC}.Release|iPhoneSimulator.Build.0 = Release|iPhoneSimulator
		{8233D9C1-B078-410C-9391-959150B10CDC}.Release|x64.ActiveCfg = Release|iPhoneSimulator
		{8233D9C1-B078-410C-9391-959150B10CDC}.Release|x86.ActiveCfg = Release|x86
	EndGlobalSection
	GlobalSection(SolutionProperties) = preSolution
		HideSolutionNode = FALSE
	EndGlobalSection
EndGlobal
